
Microsoft Visual Studio Solution File, Format Version 12.00
# Visual Studio Version 17
VisualStudioVersion = 17.7.34031.279
MinimumVisualStudioVersion = 10.0.40219.1
Project("{FAE04EC0-301F-11D3-BF4B-00C04F79EFBC}") = "ytBookStore", "ytBookStore\ytBookStore.csproj", "{78581869-81D5-41F6-AFD7-972AE0F766D2}"
EndProject
Global
	GlobalSection(SolutionConfigurationPlatforms) = preSolution
		Debug|Any CPU = Debug|Any CPU
		Release|Any CPU = Release|Any CPU
	EndGlobalSection
	GlobalSection(ProjectConfigurationPlatforms) = postSolution
		{78581869-81D5-41F6-AFD7-972AE0F766D2}.Debug|Any CPU.ActiveCfg = Debug|Any CPU
		{78581869-81D5-41F6-AFD7-972AE0F766D2}.Debug|Any CPU.Build.0 = Debug|Any CPU
		{78581869-81D5-41F6-AFD7-972AE0F766D2}.Release|Any CPU.ActiveCfg = Release|Any CPU
		{78581869-81D5-41F6-AFD7-972AE0F766D2}.Release|Any CPU.Build.0 = Release|Any CPU
	EndGlobalSection
	GlobalSection(SolutionProperties) = preSolution
		HideSolutionNode = FALSE
	EndGlobalSection
	GlobalSection(ExtensibilityGlobals) = postSolution
		SolutionGuid = {D70A55B4-2A18-4A32-ACE7-70B123F60AEE}
	EndGlobalSection
EndGlobal
